
Microsoft Visual Studio Solution File, Format Version 12.00
# Visual Studio Version 17
VisualStudioVersion = 17.2.32630.192
MinimumVisualStudioVersion = 10.0.40219.1
Project("{FAE04EC0-301F-11D3-BF4B-00C04F79EFBC}") = "LibaryModel", "LibaryModel.csproj", "{FBD4F14C-8276-4C05-9440-E952C22790D0}"
EndProject
Project("{FAE04EC0-301F-11D3-BF4B-00C04F79EFBC}") = "Logic_MookData", "..\Data\Logic_MookData.csproj", "{83A5586B-4C5B-44F6-B8E4-658ABD00E4CA}"
EndProject
Project("{FAE04EC0-301F-11D3-BF4B-00C04F79EFBC}") = "LibaryApp", "..\LibaryApp\LibaryApp.csproj", "{D3F6EEF2-DA7F-4620-94CD-8F82109AA2F7}"
EndProject
Project("{FAE04EC0-301F-11D3-BF4B-00C04F79EFBC}") = "LIbaryAppTesting", "..\LIbaryAppTesting\LIbaryAppTesting.csproj", "{4797E0AA-2C85-47EE-B24B-9A5E5C8048C1}"
EndProject
Global
	GlobalSection(SolutionConfigurationPlatforms) = preSolution
		Debug|Any CPU = Debug|Any CPU
		Debug|ARM = Debug|ARM
		Debug|ARM64 = Debug|ARM64
		Debug|x64 = Debug|x64
		Debug|x86 = Debug|x86
		Release|Any CPU = Release|Any CPU
		Release|ARM = Release|ARM
		Release|ARM64 = Release|ARM64
		Release|x64 = Release|x64
		Release|x86 = Release|x86
	EndGlobalSection
	GlobalSection(ProjectConfigurationPlatforms) = postSolution
		{FBD4F14C-8276-4C05-9440-E952C22790D0}.Debug|Any CPU.ActiveCfg = Debug|Any CPU
		{FBD4F14C-8276-4C05-9440-E952C22790D0}.Debug|Any CPU.Build.0 = Debug|Any CPU
		{FBD4F14C-8276-4C05-9440-E952C22790D0}.Debug|ARM.ActiveCfg = Debug|ARM
		{FBD4F14C-8276-4C05-9440-E952C22790D0}.Debug|ARM.Build.0 = Debug|ARM
		{FBD4F14C-8276-4C05-9440-E952C22790D0}.Debug|ARM64.ActiveCfg = Debug|ARM64
		{FBD4F14C-8276-4C05-9440-E952C22790D0}.Debug|ARM64.Build.0 = Debug|ARM64
		{FBD4F14C-8276-4C05-9440-E952C22790D0}.Debug|x64.ActiveCfg = Debug|x64
		{FBD4F14C-8276-4C05-9440-E952C22790D0}.Debug|x64.Build.0 = Debug|x64
		{FBD4F14C-8276-4C05-9440-E952C22790D0}.Debug|x86.ActiveCfg = Debug|x86
		{FBD4F14C-8276-4C05-9440-E952C22790D0}.Debug|x86.Build.0 = Debug|x86
		{FBD4F14C-8276-4C05-9440-E952C22790D0}.Release|Any CPU.ActiveCfg = Release|Any CPU
		{FBD4F14C-8276-4C05-9440-E952C22790D0}.Release|Any CPU.Build.0 = Release|Any CPU
		{FBD4F14C-8276-4C05-9440-E952C22790D0}.Release|ARM.ActiveCfg = Release|ARM
		{FBD4F14C-8276-4C05-9440-E952C22790D0}.Release|ARM.Build.0 = Release|ARM
		{FBD4F14C-8276-4C05-9440-E952C22790D0}.Release|ARM64.ActiveCfg = Release|ARM64
		{FBD4F14C-8276-4C05-9440-E952C22790D0}.Release|ARM64.Build.0 = Release|ARM64
		{FBD4F14C-8276-4C05-9440-E952C22790D0}.Release|x64.ActiveCfg = Release|x64
		{FBD4F14C-8276-4C05-9440-E952C22790D0}.Release|x64.Build.0 = Release|x64
		{FBD4F14C-8276-4C05-9440-E952C22790D0}.Release|x86.ActiveCfg = Release|x86
		{FBD4F14C-8276-4C05-9440-E952C22790D0}.Release|x86.Build.0 = Release|x86
		{83A5586B-4C5B-44F6-B8E4-658ABD00E4CA}.Debug|Any CPU.ActiveCfg = Debug|Any CPU
		{83A5586B-4C5B-44F6-B8E4-658ABD00E4CA}.Debug|Any CPU.Build.0 = Debug|Any CPU
		{83A5586B-4C5B-44F6-B8E4-658ABD00E4CA}.Debug|ARM.ActiveCfg = Debug|ARM
		{83A5586B-4C5B-44F6-B8E4-658ABD00E4CA}.Debug|ARM.Build.0 = Debug|ARM
		{83A5586B-4C5B-44F6-B8E4-658ABD00E4CA}.Debug|ARM64.ActiveCfg = Debug|ARM64
		{83A5586B-4C5B-44F6-B8E4-658ABD00E4CA}.Debug|ARM64.Build.0 = Debug|ARM64
		{83A5586B-4C5B-44F6-B8E4-658ABD00E4CA}.Debug|x64.ActiveCfg = Debug|x64
		{83A5586B-4C5B-44F6-B8E4-658ABD00E4CA}.Debug|x64.Build.0 = Debug|x64
		{83A5586B-4C5B-44F6-B8E4-658ABD00E4CA}.Debug|x86.ActiveCfg = Debug|x86
		{83A5586B-4C5B-44F6-B8E4-658ABD00E4CA}.Debug|x86.Build.0 = Debug|x86
		{83A5586B-4C5B-44F6-B8E4-658ABD00E4CA}.Release|Any CPU.ActiveCfg = Release|Any CPU
		{83A5586B-4C5B-44F6-B8E4-658ABD00E4CA}.Release|Any CPU.Build.0 = Release|Any CPU
		{83A5586B-4C5B-44F6-B8E4-658ABD00E4CA}.Release|ARM.ActiveCfg = Release|ARM
		{83A5586B-4C5B-44F6-B8E4-658ABD00E4CA}.Release|ARM.Build.0 = Release|ARM
		{83A5586B-4C5B-44F6-B8E4-658ABD00E4CA}.Release|ARM64.ActiveCfg = Release|ARM64
		{83A5586B-4C5B-44F6-B8E4-658ABD00E4CA}.Release|ARM64.Build.0 = Release|ARM64
		{83A5586B-4C5B-44F6-B8E4-658ABD00E4CA}.Release|x64.ActiveCfg = Release|x64
		{83A5586B-4C5B-44F6-B8E4-658ABD00E4CA}.Release|x64.Build.0 = Release|x64
		{83A5586B-4C5B-44F6-B8E4-658ABD00E4CA}.Release|x86.ActiveCfg = Release|x86
		{83A5586B-4C5B-44F6-B8E4-658ABD00E4CA}.Release|x86.Build.0 = Release|x86
		{D3F6EEF2-DA7F-4620-94CD-8F82109AA2F7}.Debug|Any CPU.ActiveCfg = Debug|x64
		{D3F6EEF2-DA7F-4620-94CD-8F82109AA2F7}.Debug|Any CPU.Build.0 = Debug|x64
		{D3F6EEF2-DA7F-4620-94CD-8F82109AA2F7}.Debug|Any CPU.Deploy.0 = Debug|x64
		{D3F6EEF2-DA7F-4620-94CD-8F82109AA2F7}.Debug|ARM.ActiveCfg = Debug|ARM
		{D3F6EEF2-DA7F-4620-94CD-8F82109AA2F7}.Debug|ARM.Build.0 = Debug|ARM
		{D3F6EEF2-DA7F-4620-94CD-8F82109AA2F7}.Debug|ARM.Deploy.0 = Debug|ARM
		{D3F6EEF2-DA7F-4620-94CD-8F82109AA2F7}.Debug|ARM64.ActiveCfg = Debug|ARM64
		{D3F6EEF2-DA7F-4620-94CD-8F82109AA2F7}.Debug|ARM64.Build.0 = Debug|ARM64
		{D3F6EEF2-DA7F-4620-94CD-8F82109AA2F7}.Debug|ARM64.Deploy.0 = Debug|ARM64
		{D3F6EEF2-DA7F-4620-94CD-8F82109AA2F7}.Debug|x64.ActiveCfg = Debug|x64
		{D3F6EEF2-DA7F-4620-94CD-8F82109AA2F7}.Debug|x64.Build.0 = Debug|x64
		{D3F6EEF2-DA7F-4620-94CD-8F82109AA2F7}.Debug|x64.Deploy.0 = Debug|x64
		{D3F6EEF2-DA7F-4620-94CD-8F82109AA2F7}.Debug|x86.ActiveCfg = Debug|x86
		{D3F6EEF2-DA7F-4620-94CD-8F82109AA2F7}.Debug|x86.Build.0 = Debug|x86
		{D3F6EEF2-DA7F-4620-94CD-8F82109AA2F7}.Debug|x86.Deploy.0 = Debug|x86
		{D3F6EEF2-DA7F-4620-94CD-8F82109AA2F7}.Release|Any CPU.ActiveCfg = Release|x64
		{D3F6EEF2-DA7F-4620-94CD-8F82109AA2F7}.Release|Any CPU.Build.0 = Release|x64
		{D3F6EEF2-DA7F-4620-94CD-8F82109AA2F7}.Release|Any CPU.Deploy.0 = Release|x64
		{D3F6EEF2-DA7F-4620-94CD-8F82109AA2F7}.Release|ARM.ActiveCfg = Release|ARM
		{D3F6EEF2-DA7F-4620-94CD-8F82109AA2F7}.Release|ARM.Build.0 = Release|ARM
		{D3F6EEF2-DA7F-4620-94CD-8F82109AA2F7}.Release|ARM.Deploy.0 = Release|ARM
		{D3F6EEF2-DA7F-4620-94CD-8F82109AA2F7}.Release|ARM64.ActiveCfg = Release|ARM64
		{D3F6EEF2-DA7F-4620-94CD-8F82109AA2F7}.Release|ARM64.Build.0 = Release|ARM64
		{D3F6EEF2-DA7F-4620-94CD-8F82109AA2F7}.Release|ARM64.Deploy.0 = Release|ARM64
		{D3F6EEF2-DA7F-4620-94CD-8F82109AA2F7}.Release|x64.ActiveCfg = Release|x64
		{D3F6EEF2-DA7F-4620-94CD-8F82109AA2F7}.Release|x64.Build.0 = Release|x64
		{D3F6EEF2-DA7F-4620-94CD-8F82109AA2F7}.Release|x64.Deploy.0 = Release|x64
		{D3F6EEF2-DA7F-4620-94CD-8F82109AA2F7}.Release|x86.ActiveCfg = Release|x86
		{D3F6EEF2-DA7F-4620-94CD-8F82109AA2F7}.Release|x86.Build.0 = Release|x86
		{D3F6EEF2-DA7F-4620-94CD-8F82109AA2F7}.Release|x86.Deploy.0 = Release|x86
		{4797E0AA-2C85-47EE-B24B-9A5E5C8048C1}.Debug|Any CPU.ActiveCfg = Debug|x64
		{4797E0AA-2C85-47EE-B24B-9A5E5C8048C1}.Debug|Any CPU.Build.0 = Debug|x64
		{4797E0AA-2C85-47EE-B24B-9A5E5C8048C1}.Debug|Any CPU.Deploy.0 = Debug|x64
		{4797E0AA-2C85-47EE-B24B-9A5E5C8048C1}.Debug|ARM.ActiveCfg = Debug|ARM
		{4797E0AA-2C85-47EE-B24B-9A5E5C8048C1}.Debug|ARM.Build.0 = Debug|ARM
		{4797E0AA-2C85-47EE-B24B-9A5E5C8048C1}.Debug|ARM.Deploy.0 = Debug|ARM
		{4797E0AA-2C85-47EE-B24B-9A5E5C8048C1}.Debug|ARM64.ActiveCfg = Debug|ARM64
		{4797E0AA-2C85-47EE-B24B-9A5E5C8048C1}.Debug|ARM64.Build.0 = Debug|ARM64
		{4797E0AA-2C85-47EE-B24B-9A5E5C8048C1}.Debug|ARM64.Deploy.0 = Debug|ARM64
		{4797E0AA-2C85-47EE-B24B-9A5E5C8048C1}.Debug|x64.ActiveCfg = Debug|x64
		{4797E0AA-2C85-47EE-B24B-9A5E5C8048C1}.Debug|x64.Build.0 = Debug|x64
		{4797E0AA-2C85-47EE-B24B-9A5E5C8048C1}.Debug|x64.Deploy.0 = Debug|x64
		{4797E0AA-2C85-47EE-B24B-9A5E5C8048C1}.Debug|x86.ActiveCfg = Debug|x86
		{4797E0AA-2C85-47EE-B24B-9A5E5C8048C1}.Debug|x86.Build.0 = Debug|x86
		{4797E0AA-2C85-47EE-B24B-9A5E5C8048C1}.Debug|x86.Deploy.0 = Debug|x86
		{4797E0AA-2C85-47EE-B24B-9A5E5C8048C1}.Release|Any CPU.ActiveCfg = Release|x64
		{4797E0AA-2C85-47EE-B24B-9A5E5C8048C1}.Release|Any CPU.Build.0 = Release|x64
		{4797E0AA-2C85-47EE-B24B-9A5E5C8048C1}.Release|Any CPU.Deploy.0 = Release|x64
		{4797E0AA-2C85-47EE-B24B-9A5E5C8048C1}.Release|ARM.ActiveCfg = Release|ARM
		{4797E0AA-2C85-47EE-B24B-9A5E5C8048C1}.Release|ARM.Build.0 = Release|ARM
		{4797E0AA-2C85-47EE-B24B-9A5E5C8048C1}.Release|ARM.Deploy.0 = Release|ARM
		{4797E0AA-2C85-47EE-B24B-9A5E5C8048C1}.Release|ARM64.ActiveCfg = Release|ARM64
		{4797E0AA-2C85-47EE-B24B-9A5E5C8048C1}.Release|ARM64.Build.0 = Release|ARM64
		{4797E0AA-2C85-47EE-B24B-9A5E5C8048C1}.Release|ARM64.Deploy.0 = Release|ARM64
		{4797E0AA-2C85-47EE-B24B-9A5E5C8048C1}.Release|x64.ActiveCfg = Release|x64
		{4797E0AA-2C85-47EE-B24B-9A5E5C8048C1}.Release|x64.Build.0 = Release|x64
		{4797E0AA-2C85-47EE-B24B-9A5E5C8048C1}.Release|x64.Deploy.0 = Release|x64
		{4797E0AA-2C85-47EE-B24B-9A5E5C8048C1}.Release|x86.ActiveCfg = Release|x86
		{4797E0AA-2C85-47EE-B24B-9A5E5C8048C1}.Release|x86.Build.0 = Release|x86
		{4797E0AA-2C85-47EE-B24B-9A5E5C8048C1}.Release|x86.Deploy.0 = Release|x86
	EndGlobalSection
	GlobalSection(SolutionProperties) = preSolution
		HideSolutionNode = FALSE
	EndGlobalSection
	GlobalSection(ExtensibilityGlobals) = postSolution
		SolutionGuid = {D83089C7-ED49-4C23-93C9-F62FDAAC7D72}
	EndGlobalSection
EndGlobal
